
Microsoft Visual Studio Solution File, Format Version 12.00
# Visual Studio Version 17
VisualStudioVersion = 17.9.34701.34
MinimumVisualStudioVersion = 10.0.40219.1
Project("{FAE04EC0-301F-11D3-BF4B-00C04F79EFBC}") = "DAPPER DEMO", "DAPPER DEMO\DAPPER DEMO.csproj", "{FCA28645-24E3-414B-847B-11FAADEFCABC}"
EndProject
Global
	GlobalSection(SolutionConfigurationPlatforms) = preSolution
		Debug|Any CPU = Debug|Any CPU
		Release|Any CPU = Release|Any CPU
	EndGlobalSection
	GlobalSection(ProjectConfigurationPlatforms) = postSolution
		{FCA28645-24E3-414B-847B-11FAADEFCABC}.Debug|Any CPU.ActiveCfg = Debug|Any CPU
		{FCA28645-24E3-414B-847B-11FAADEFCABC}.Debug|Any CPU.Build.0 = Debug|Any CPU
		{FCA28645-24E3-414B-847B-11FAADEFCABC}.Release|Any CPU.ActiveCfg = Release|Any CPU
		{FCA28645-24E3-414B-847B-11FAADEFCABC}.Release|Any CPU.Build.0 = Release|Any CPU
	EndGlobalSection
	GlobalSection(SolutionProperties) = preSolution
		HideSolutionNode = FALSE
	EndGlobalSection
	GlobalSection(ExtensibilityGlobals) = postSolution
		SolutionGuid = {C81D6DE6-52AD-476F-9D01-B5D543C31720}
	EndGlobalSection
EndGlobal
